
Microsoft Visual Studio Solution File, Format Version 12.00
# Visual Studio Version 16
VisualStudioVersion = 16.0.31911.196
MinimumVisualStudioVersion = 10.0.40219.1
Project("{FAE04EC0-301F-11D3-BF4B-00C04F79EFBC}") = "DailyReport", "DailyReport\DailyReport.csproj", "{D8D1E854-C4CF-41C4-A0B8-BBC5B4C70D03}"
EndProject
Global
	GlobalSection(SolutionConfigurationPlatforms) = preSolution
		Debug|Any CPU = Debug|Any CPU
		Release|Any CPU = Release|Any CPU
	EndGlobalSection
	GlobalSection(ProjectConfigurationPlatforms) = postSolution
		{D8D1E854-C4CF-41C4-A0B8-BBC5B4C70D03}.Debug|Any CPU.ActiveCfg = Debug|Any CPU
		{D8D1E854-C4CF-41C4-A0B8-BBC5B4C70D03}.Debug|Any CPU.Build.0 = Debug|Any CPU
		{D8D1E854-C4CF-41C4-A0B8-BBC5B4C70D03}.Release|Any CPU.ActiveCfg = Release|Any CPU
		{D8D1E854-C4CF-41C4-A0B8-BBC5B4C70D03}.Release|Any CPU.Build.0 = Release|Any CPU
	EndGlobalSection
	GlobalSection(SolutionProperties) = preSolution
		HideSolutionNode = FALSE
	EndGlobalSection
	GlobalSection(ExtensibilityGlobals) = postSolution
		SolutionGuid = {6B7A2107-A0DF-4F69-8545-50092ADCDDA3}
	EndGlobalSection
EndGlobal
