
Microsoft Visual Studio Solution File, Format Version 12.00
# Visual Studio Version 16
VisualStudioVersion = 16.0.31911.196
MinimumVisualStudioVersion = 10.0.40219.1
Project("{FAE04EC0-301F-11D3-BF4B-00C04F79EFBC}") = "MVCtutorial", "MVCtutorial\MVCtutorial.csproj", "{04E69D63-3E8D-4EE4-BF23-DBEA2D38DB2F}"
EndProject
Global
	GlobalSection(SolutionConfigurationPlatforms) = preSolution
		Debug|Any CPU = Debug|Any CPU
		Release|Any CPU = Release|Any CPU
	EndGlobalSection
	GlobalSection(ProjectConfigurationPlatforms) = postSolution
		{04E69D63-3E8D-4EE4-BF23-DBEA2D38DB2F}.Debug|Any CPU.ActiveCfg = Debug|Any CPU
		{04E69D63-3E8D-4EE4-BF23-DBEA2D38DB2F}.Debug|Any CPU.Build.0 = Debug|Any CPU
		{04E69D63-3E8D-4EE4-BF23-DBEA2D38DB2F}.Release|Any CPU.ActiveCfg = Release|Any CPU
		{04E69D63-3E8D-4EE4-BF23-DBEA2D38DB2F}.Release|Any CPU.Build.0 = Release|Any CPU
	EndGlobalSection
	GlobalSection(SolutionProperties) = preSolution
		HideSolutionNode = FALSE
	EndGlobalSection
	GlobalSection(ExtensibilityGlobals) = postSolution
		SolutionGuid = {FF1F2420-32B0-410F-A9A9-01638ECF8CF3}
	EndGlobalSection
EndGlobal
