
Microsoft Visual Studio Solution File, Format Version 12.00
# Visual Studio Version 16
VisualStudioVersion = 16.0.31911.196
MinimumVisualStudioVersion = 10.0.40219.1
Project("{FAE04EC0-301F-11D3-BF4B-00C04F79EFBC}") = "MethodClassObjOverloading", "MethodClassObjOverloading\MethodClassObjOverloading.csproj", "{6D70428B-4AEB-4944-9F7E-56A8F50E4AFF}"
EndProject
Global
	GlobalSection(SolutionConfigurationPlatforms) = preSolution
		Debug|Any CPU = Debug|Any CPU
		Release|Any CPU = Release|Any CPU
	EndGlobalSection
	GlobalSection(ProjectConfigurationPlatforms) = postSolution
		{6D70428B-4AEB-4944-9F7E-56A8F50E4AFF}.Debug|Any CPU.ActiveCfg = Debug|Any CPU
		{6D70428B-4AEB-4944-9F7E-56A8F50E4AFF}.Debug|Any CPU.Build.0 = Debug|Any CPU
		{6D70428B-4AEB-4944-9F7E-56A8F50E4AFF}.Release|Any CPU.ActiveCfg = Release|Any CPU
		{6D70428B-4AEB-4944-9F7E-56A8F50E4AFF}.Release|Any CPU.Build.0 = Release|Any CPU
	EndGlobalSection
	GlobalSection(SolutionProperties) = preSolution
		HideSolutionNode = FALSE
	EndGlobalSection
	GlobalSection(ExtensibilityGlobals) = postSolution
		SolutionGuid = {E48B70B2-8BEE-4F6F-8DF8-5A70ADD8BD89}
	EndGlobalSection
EndGlobal
