
Microsoft Visual Studio Solution File, Format Version 12.00
# Visual Studio Version 16
VisualStudioVersion = 16.0.31911.196
MinimumVisualStudioVersion = 10.0.40219.1
Project("{FAE04EC0-301F-11D3-BF4B-00C04F79EFBC}") = "TwentyOneBehavior", "TwentyOneBehavior\TwentyOneBehavior.csproj", "{66951145-F2D8-441B-AE2C-652E97115D70}"
EndProject
Global
	GlobalSection(SolutionConfigurationPlatforms) = preSolution
		Debug|Any CPU = Debug|Any CPU
		Release|Any CPU = Release|Any CPU
	EndGlobalSection
	GlobalSection(ProjectConfigurationPlatforms) = postSolution
		{66951145-F2D8-441B-AE2C-652E97115D70}.Debug|Any CPU.ActiveCfg = Debug|Any CPU
		{66951145-F2D8-441B-AE2C-652E97115D70}.Debug|Any CPU.Build.0 = Debug|Any CPU
		{66951145-F2D8-441B-AE2C-652E97115D70}.Release|Any CPU.ActiveCfg = Release|Any CPU
		{66951145-F2D8-441B-AE2C-652E97115D70}.Release|Any CPU.Build.0 = Release|Any CPU
	EndGlobalSection
	GlobalSection(SolutionProperties) = preSolution
		HideSolutionNode = FALSE
	EndGlobalSection
	GlobalSection(ExtensibilityGlobals) = postSolution
		SolutionGuid = {9AD0FB6B-5411-4C88-B3AC-B16CB6CF9AD4}
	EndGlobalSection
EndGlobal
