
Microsoft Visual Studio Solution File, Format Version 12.00
# Visual Studio Version 16
VisualStudioVersion = 16.0.31911.196
MinimumVisualStudioVersion = 10.0.40219.1
Project("{FAE04EC0-301F-11D3-BF4B-00C04F79EFBC}") = "AccemAccount", "AccemAccount\AccemAccount.csproj", "{2CEF33A5-060D-4B40-88B8-7A16A584B5C7}"
EndProject
Global
	GlobalSection(SolutionConfigurationPlatforms) = preSolution
		Debug|Any CPU = Debug|Any CPU
		Release|Any CPU = Release|Any CPU
	EndGlobalSection
	GlobalSection(ProjectConfigurationPlatforms) = postSolution
		{2CEF33A5-060D-4B40-88B8-7A16A584B5C7}.Debug|Any CPU.ActiveCfg = Debug|Any CPU
		{2CEF33A5-060D-4B40-88B8-7A16A584B5C7}.Debug|Any CPU.Build.0 = Debug|Any CPU
		{2CEF33A5-060D-4B40-88B8-7A16A584B5C7}.Release|Any CPU.ActiveCfg = Release|Any CPU
		{2CEF33A5-060D-4B40-88B8-7A16A584B5C7}.Release|Any CPU.Build.0 = Release|Any CPU
	EndGlobalSection
	GlobalSection(SolutionProperties) = preSolution
		HideSolutionNode = FALSE
	EndGlobalSection
	GlobalSection(ExtensibilityGlobals) = postSolution
		SolutionGuid = {A19101F1-89E8-4567-9FEE-E85798DDA19D}
	EndGlobalSection
EndGlobal
