
Microsoft Visual Studio Solution File, Format Version 12.00
# Visual Studio Version 16
VisualStudioVersion = 16.0.32002.261
MinimumVisualStudioVersion = 10.0.40219.1
Project("{FAE04EC0-301F-11D3-BF4B-00C04F79EFBC}") = "WebApplicationCore", "WebApplicationCore\WebApplicationCore.csproj", "{268C14C2-35CA-4485-BF5D-3F338B9723FB}"
EndProject
Global
	GlobalSection(SolutionConfigurationPlatforms) = preSolution
		Debug|Any CPU = Debug|Any CPU
		Release|Any CPU = Release|Any CPU
	EndGlobalSection
	GlobalSection(ProjectConfigurationPlatforms) = postSolution
		{268C14C2-35CA-4485-BF5D-3F338B9723FB}.Debug|Any CPU.ActiveCfg = Debug|Any CPU
		{268C14C2-35CA-4485-BF5D-3F338B9723FB}.Debug|Any CPU.Build.0 = Debug|Any CPU
		{268C14C2-35CA-4485-BF5D-3F338B9723FB}.Release|Any CPU.ActiveCfg = Release|Any CPU
		{268C14C2-35CA-4485-BF5D-3F338B9723FB}.Release|Any CPU.Build.0 = Release|Any CPU
	EndGlobalSection
	GlobalSection(SolutionProperties) = preSolution
		HideSolutionNode = FALSE
	EndGlobalSection
	GlobalSection(ExtensibilityGlobals) = postSolution
		SolutionGuid = {8DA13592-C9F5-4AD9-89CC-7C24D414EC47}
	EndGlobalSection
EndGlobal
